
Microsoft Visual Studio Solution File, Format Version 11.00
# Visual Studio 2010
Project("{8BC9CEB8-8B4A-11D0-8D11-00A0C91BC942}") = "RunProcessApplication", "RunProcessApplication\RunProcessApplication.vcxproj", "{7034C67C-8777-4514-A45D-6F5CC0F694DB}"
EndProject
Global
	GlobalSection(SolutionConfigurationPlatforms) = preSolution
		Debug|Win32 = Debug|Win32
		Release|Win32 = Release|Win32
	EndGlobalSection
	GlobalSection(ProjectConfigurationPlatforms) = postSolution
		{7034C67C-8777-4514-A45D-6F5CC0F694DB}.Debug|Win32.ActiveCfg = Debug|Win32
		{7034C67C-8777-4514-A45D-6F5CC0F694DB}.Debug|Win32.Build.0 = Debug|Win32
		{7034C67C-8777-4514-A45D-6F5CC0F694DB}.Release|Win32.ActiveCfg = Release|Win32
		{7034C67C-8777-4514-A45D-6F5CC0F694DB}.Release|Win32.Build.0 = Release|Win32
	EndGlobalSection
	GlobalSection(SolutionProperties) = preSolution
		HideSolutionNode = FALSE
	EndGlobalSection
EndGlobal
